
Microsoft Visual Studio Solution File, Format Version 12.00
# Visual Studio Version 17
VisualStudioVersion = 17.11.35327.3
MinimumVisualStudioVersion = 10.0.40219.1
Project("{FAE04EC0-301F-11D3-BF4B-00C04F79EFBC}") = "variablesAndCalculations", "variablesAndCalculations\variablesAndCalculations.csproj", "{37363D67-5B29-4367-A90A-5C1D0BFD98F4}"
EndProject
Global
	GlobalSection(SolutionConfigurationPlatforms) = preSolution
		Debug|Any CPU = Debug|Any CPU
		Release|Any CPU = Release|Any CPU
	EndGlobalSection
	GlobalSection(ProjectConfigurationPlatforms) = postSolution
		{37363D67-5B29-4367-A90A-5C1D0BFD98F4}.Debug|Any CPU.ActiveCfg = Debug|Any CPU
		{37363D67-5B29-4367-A90A-5C1D0BFD98F4}.Debug|Any CPU.Build.0 = Debug|Any CPU
		{37363D67-5B29-4367-A90A-5C1D0BFD98F4}.Release|Any CPU.ActiveCfg = Release|Any CPU
		{37363D67-5B29-4367-A90A-5C1D0BFD98F4}.Release|Any CPU.Build.0 = Release|Any CPU
	EndGlobalSection
	GlobalSection(SolutionProperties) = preSolution
		HideSolutionNode = FALSE
	EndGlobalSection
	GlobalSection(ExtensibilityGlobals) = postSolution
		SolutionGuid = {C89BFB02-18B6-449C-B5C9-EA29B95022A3}
	EndGlobalSection
EndGlobal
