
Microsoft Visual Studio Solution File, Format Version 12.00
# Visual Studio Version 17
VisualStudioVersion = 17.11.35327.3
MinimumVisualStudioVersion = 10.0.40219.1
Project("{FAE04EC0-301F-11D3-BF4B-00C04F79EFBC}") = "Calculator", "Calculator\Calculator.csproj", "{A1ACE24F-13F5-4906-A6AE-54A1D76A662C}"
EndProject
Global
	GlobalSection(SolutionConfigurationPlatforms) = preSolution
		Debug|Any CPU = Debug|Any CPU
		Release|Any CPU = Release|Any CPU
	EndGlobalSection
	GlobalSection(ProjectConfigurationPlatforms) = postSolution
		{A1ACE24F-13F5-4906-A6AE-54A1D76A662C}.Debug|Any CPU.ActiveCfg = Debug|Any CPU
		{A1ACE24F-13F5-4906-A6AE-54A1D76A662C}.Debug|Any CPU.Build.0 = Debug|Any CPU
		{A1ACE24F-13F5-4906-A6AE-54A1D76A662C}.Release|Any CPU.ActiveCfg = Release|Any CPU
		{A1ACE24F-13F5-4906-A6AE-54A1D76A662C}.Release|Any CPU.Build.0 = Release|Any CPU
	EndGlobalSection
	GlobalSection(SolutionProperties) = preSolution
		HideSolutionNode = FALSE
	EndGlobalSection
	GlobalSection(ExtensibilityGlobals) = postSolution
		SolutionGuid = {FA5D3275-B016-4C95-A28C-E1B22ED360D0}
	EndGlobalSection
EndGlobal
